
Microsoft Visual Studio Solution File, Format Version 12.00
# Visual Studio Version 17
VisualStudioVersion = 17.1.32319.34
MinimumVisualStudioVersion = 10.0.40219.1
Project("{FAE04EC0-301F-11D3-BF4B-00C04F79EFBC}") = "CaptureThePerson", "CaptureThePerson\CaptureThePerson.csproj", "{23087CD9-D438-4A17-BC30-B17C595DCA11}"
EndProject
Global
	GlobalSection(SolutionConfigurationPlatforms) = preSolution
		Debug|Any CPU = Debug|Any CPU
		Release|Any CPU = Release|Any CPU
	EndGlobalSection
	GlobalSection(ProjectConfigurationPlatforms) = postSolution
		{23087CD9-D438-4A17-BC30-B17C595DCA11}.Debug|Any CPU.ActiveCfg = Debug|Any CPU
		{23087CD9-D438-4A17-BC30-B17C595DCA11}.Debug|Any CPU.Build.0 = Debug|Any CPU
		{23087CD9-D438-4A17-BC30-B17C595DCA11}.Release|Any CPU.ActiveCfg = Release|Any CPU
		{23087CD9-D438-4A17-BC30-B17C595DCA11}.Release|Any CPU.Build.0 = Release|Any CPU
	EndGlobalSection
	GlobalSection(SolutionProperties) = preSolution
		HideSolutionNode = FALSE
	EndGlobalSection
	GlobalSection(ExtensibilityGlobals) = postSolution
		SolutionGuid = {AD7A5B92-5182-41A3-B630-0F4F2ABC48D5}
	EndGlobalSection
EndGlobal
